// !$*UTF8*$!
{
	archiveVersion = 1;
	classes = {
	};
	objectVersion = 50;
	objects = {

/* Begin PBXBuildFile section */
		476447A126B072BF002291F8 /* AppDelegate.swift in Sources */ = {isa = PBXBuildFile; fileRef = 476447A026B072BF002291F8 /* AppDelegate.swift */; };
		476447A326B072BF002291F8 /* SceneDelegate.swift in Sources */ = {isa = PBXBuildFile; fileRef = 476447A226B072BF002291F8 /* SceneDelegate.swift */; };
		476447A526B072BF002291F8 /* SplitVC.swift in Sources */ = {isa = PBXBuildFile; fileRef = 476447A426B072BF002291F8 /* SplitVC.swift */; };
		476447AA26B072C0002291F8 /* Assets.xcassets in Resources */ = {isa = PBXBuildFile; fileRef = 476447A926B072C0002291F8 /* Assets.xcassets */; };
		476447AD26B072C0002291F8 /* LaunchScreen.storyboard in Resources */ = {isa = PBXBuildFile; fileRef = 476447AB26B072C0002291F8 /* LaunchScreen.storyboard */; };
		476447B526B07657002291F8 /* Movie.swift in Sources */ = {isa = PBXBuildFile; fileRef = 476447B426B07657002291F8 /* Movie.swift */; };
		476447B826B0769E002291F8 /* Genre.swift in Sources */ = {isa = PBXBuildFile; fileRef = 476447B726B0769E002291F8 /* Genre.swift */; };
		476447BA26B076BA002291F8 /* ProductionCompany.swift in Sources */ = {isa = PBXBuildFile; fileRef = 476447B926B076BA002291F8 /* ProductionCompany.swift */; };
		476447BC26B076CE002291F8 /* ProductionCountry.swift in Sources */ = {isa = PBXBuildFile; fileRef = 476447BB26B076CE002291F8 /* ProductionCountry.swift */; };
		476447BE26B076DB002291F8 /* SpokenLanguage.swift in Sources */ = {isa = PBXBuildFile; fileRef = 476447BD26B076DB002291F8 /* SpokenLanguage.swift */; };
		476447E726B1329E002291F8 /* NetworkService.swift in Sources */ = {isa = PBXBuildFile; fileRef = 476447E626B1329E002291F8 /* NetworkService.swift */; };
		476447EA26B133B5002291F8 /* MainViewModel.swift in Sources */ = {isa = PBXBuildFile; fileRef = 476447E926B133B5002291F8 /* MainViewModel.swift */; };
		476447EE26B133F4002291F8 /* Constants.swift in Sources */ = {isa = PBXBuildFile; fileRef = 476447ED26B133F4002291F8 /* Constants.swift */; };
		476447F126B137BC002291F8 /* MovieResponse.swift in Sources */ = {isa = PBXBuildFile; fileRef = 476447F026B137BC002291F8 /* MovieResponse.swift */; };
		476447F326B139B6002291F8 /* MasterVC.swift in Sources */ = {isa = PBXBuildFile; fileRef = 476447F226B139B6002291F8 /* MasterVC.swift */; };
		476447F526B149A4002291F8 /* MovieCollectionViewCell.swift in Sources */ = {isa = PBXBuildFile; fileRef = 476447F426B149A4002291F8 /* MovieCollectionViewCell.swift */; };
/* End PBXBuildFile section */

/* Begin PBXFileReference section */
		4764479D26B072BF002291F8 /* MovieDB App.app */ = {isa = PBXFileReference; explicitFileType = wrapper.application; includeInIndex = 0; path = "MovieDB App.app"; sourceTree = BUILT_PRODUCTS_DIR; };
		476447A026B072BF002291F8 /* AppDelegate.swift */ = {isa = PBXFileReference; lastKnownFileType = sourcecode.swift; path = AppDelegate.swift; sourceTree = "<group>"; };
		476447A226B072BF002291F8 /* SceneDelegate.swift */ = {isa = PBXFileReference; lastKnownFileType = sourcecode.swift; path = SceneDelegate.swift; sourceTree = "<group>"; };
		476447A426B072BF002291F8 /* SplitVC.swift */ = {isa = PBXFileReference; lastKnownFileType = sourcecode.swift; path = SplitVC.swift; sourceTree = "<group>"; };
		476447A926B072C0002291F8 /* Assets.xcassets */ = {isa = PBXFileReference; lastKnownFileType = folder.assetcatalog; path = Assets.xcassets; sourceTree = "<group>"; };
		476447AC26B072C0002291F8 /* Base */ = {isa = PBXFileReference; lastKnownFileType = file.storyboard; name = Base; path = Base.lproj/LaunchScreen.storyboard; sourceTree = "<group>"; };
		476447AE26B072C0002291F8 /* Info.plist */ = {isa = PBXFileReference; lastKnownFileType = text.plist.xml; path = Info.plist; sourceTree = "<group>"; };
		476447B426B07657002291F8 /* Movie.swift */ = {isa = PBXFileReference; lastKnownFileType = sourcecode.swift; path = Movie.swift; sourceTree = "<group>"; };
		476447B726B0769E002291F8 /* Genre.swift */ = {isa = PBXFileReference; lastKnownFileType = sourcecode.swift; path = Genre.swift; sourceTree = "<group>"; };
		476447B926B076BA002291F8 /* ProductionCompany.swift */ = {isa = PBXFileReference; lastKnownFileType = sourcecode.swift; path = ProductionCompany.swift; sourceTree = "<group>"; };
		476447BB26B076CE002291F8 /* ProductionCountry.swift */ = {isa = PBXFileReference; lastKnownFileType = sourcecode.swift; path = ProductionCountry.swift; sourceTree = "<group>"; };
		476447BD26B076DB002291F8 /* SpokenLanguage.swift */ = {isa = PBXFileReference; lastKnownFileType = sourcecode.swift; path = SpokenLanguage.swift; sourceTree = "<group>"; };
		476447E626B1329E002291F8 /* NetworkService.swift */ = {isa = PBXFileReference; lastKnownFileType = sourcecode.swift; path = NetworkService.swift; sourceTree = "<group>"; };
		476447E926B133B5002291F8 /* MainViewModel.swift */ = {isa = PBXFileReference; lastKnownFileType = sourcecode.swift; path = MainViewModel.swift; sourceTree = "<group>"; };
		476447ED26B133F4002291F8 /* Constants.swift */ = {isa = PBXFileReference; lastKnownFileType = sourcecode.swift; path = Constants.swift; sourceTree = "<group>"; };
		476447F026B137BC002291F8 /* MovieResponse.swift */ = {isa = PBXFileReference; lastKnownFileType = sourcecode.swift; path = MovieResponse.swift; sourceTree = "<group>"; };
		476447F226B139B6002291F8 /* MasterVC.swift */ = {isa = PBXFileReference; lastKnownFileType = sourcecode.swift; path = MasterVC.swift; sourceTree = "<group>"; };
		476447F426B149A4002291F8 /* MovieCollectionViewCell.swift */ = {isa = PBXFileReference; lastKnownFileType = sourcecode.swift; path = MovieCollectionViewCell.swift; sourceTree = "<group>"; };
/* End PBXFileReference section */

/* Begin PBXFrameworksBuildPhase section */
		4764479A26B072BF002291F8 /* Frameworks */ = {
			isa = PBXFrameworksBuildPhase;
			buildActionMask = 2147483647;
			files = (
			);
			runOnlyForDeploymentPostprocessing = 0;
		};
/* End PBXFrameworksBuildPhase section */

/* Begin PBXGroup section */
		4764479426B072BF002291F8 = {
			isa = PBXGroup;
			children = (
				4764479F26B072BF002291F8 /* MovieDB App */,
				4764479E26B072BF002291F8 /* Products */,
			);
			sourceTree = "<group>";
		};
		4764479E26B072BF002291F8 /* Products */ = {
			isa = PBXGroup;
			children = (
				4764479D26B072BF002291F8 /* MovieDB App.app */,
			);
			name = Products;
			sourceTree = "<group>";
		};
		4764479F26B072BF002291F8 /* MovieDB App */ = {
			isa = PBXGroup;
			children = (
				476447A026B072BF002291F8 /* AppDelegate.swift */,
				476447A226B072BF002291F8 /* SceneDelegate.swift */,
				476447A926B072C0002291F8 /* Assets.xcassets */,
				476447AB26B072C0002291F8 /* LaunchScreen.storyboard */,
				476447AE26B072C0002291F8 /* Info.plist */,
				476447EC26B133C3002291F8 /* View */,
				476447EB26B133BA002291F8 /* ViewModel */,
				476447B626B0765B002291F8 /* Model */,
				476447E826B132D4002291F8 /* Services */,
				476447EF26B133F8002291F8 /* Helpers */,
			);
			path = "MovieDB App";
			sourceTree = "<group>";
		};
		476447B626B0765B002291F8 /* Model */ = {
			isa = PBXGroup;
			children = (
				476447B726B0769E002291F8 /* Genre.swift */,
				476447B426B07657002291F8 /* Movie.swift */,
				476447F026B137BC002291F8 /* MovieResponse.swift */,
				476447B926B076BA002291F8 /* ProductionCompany.swift */,
				476447BB26B076CE002291F8 /* ProductionCountry.swift */,
				476447BD26B076DB002291F8 /* SpokenLanguage.swift */,
			);
			path = Model;
			sourceTree = "<group>";
		};
		476447E826B132D4002291F8 /* Services */ = {
			isa = PBXGroup;
			children = (
				476447E626B1329E002291F8 /* NetworkService.swift */,
			);
			path = Services;
			sourceTree = "<group>";
		};
		476447EB26B133BA002291F8 /* ViewModel */ = {
			isa = PBXGroup;
			children = (
				476447E926B133B5002291F8 /* MainViewModel.swift */,
			);
			path = ViewModel;
			sourceTree = "<group>";
		};
		476447EC26B133C3002291F8 /* View */ = {
			isa = PBXGroup;
			children = (
				476447A426B072BF002291F8 /* SplitVC.swift */,
				476447F226B139B6002291F8 /* MasterVC.swift */,
				476447F426B149A4002291F8 /* MovieCollectionViewCell.swift */,
			);
			path = View;
			sourceTree = "<group>";
		};
		476447EF26B133F8002291F8 /* Helpers */ = {
			isa = PBXGroup;
			children = (
				476447ED26B133F4002291F8 /* Constants.swift */,
			);
			path = Helpers;
			sourceTree = "<group>";
		};
/* End PBXGroup section */

/* Begin PBXNativeTarget section */
		4764479C26B072BF002291F8 /* MovieDB App */ = {
			isa = PBXNativeTarget;
			buildConfigurationList = 476447B126B072C0002291F8 /* Build configuration list for PBXNativeTarget "MovieDB App" */;
			buildPhases = (
				4764479926B072BF002291F8 /* Sources */,
				4764479A26B072BF002291F8 /* Frameworks */,
				4764479B26B072BF002291F8 /* Resources */,
			);
			buildRules = (
			);
			dependencies = (
			);
			name = "MovieDB App";
			productName = "MovieDB App";
			productReference = 4764479D26B072BF002291F8 /* MovieDB App.app */;
			productType = "com.apple.product-type.application";
		};
/* End PBXNativeTarget section */

/* Begin PBXProject section */
		4764479526B072BF002291F8 /* Project object */ = {
			isa = PBXProject;
			attributes = {
				LastSwiftUpdateCheck = 1250;
				LastUpgradeCheck = 1250;
				TargetAttributes = {
					4764479C26B072BF002291F8 = {
						CreatedOnToolsVersion = 12.5;
					};
				};
			};
			buildConfigurationList = 4764479826B072BF002291F8 /* Build configuration list for PBXProject "MovieDB App" */;
			compatibilityVersion = "Xcode 9.3";
			developmentRegion = en;
			hasScannedForEncodings = 0;
			knownRegions = (
				en,
				Base,
			);
			mainGroup = 4764479426B072BF002291F8;
			productRefGroup = 4764479E26B072BF002291F8 /* Products */;
			projectDirPath = "";
			projectRoot = "";
			targets = (
				4764479C26B072BF002291F8 /* MovieDB App */,
			);
		};
/* End PBXProject section */

/* Begin PBXResourcesBuildPhase section */
		4764479B26B072BF002291F8 /* Resources */ = {
			isa = PBXResourcesBuildPhase;
			buildActionMask = 2147483647;
			files = (
				476447AD26B072C0002291F8 /* LaunchScreen.storyboard in Resources */,
				476447AA26B072C0002291F8 /* Assets.xcassets in Resources */,
			);
			runOnlyForDeploymentPostprocessing = 0;
		};
/* End PBXResourcesBuildPhase section */

/* Begin PBXSourcesBuildPhase section */
		4764479926B072BF002291F8 /* Sources */ = {
			isa = PBXSourcesBuildPhase;
			buildActionMask = 2147483647;
			files = (
				476447A526B072BF002291F8 /* SplitVC.swift in Sources */,
				476447EE26B133F4002291F8 /* Constants.swift in Sources */,
				476447A126B072BF002291F8 /* AppDelegate.swift in Sources */,
				476447BA26B076BA002291F8 /* ProductionCompany.swift in Sources */,
				476447F326B139B6002291F8 /* MasterVC.swift in Sources */,
				476447BE26B076DB002291F8 /* SpokenLanguage.swift in Sources */,
				476447F126B137BC002291F8 /* MovieResponse.swift in Sources */,
				476447E726B1329E002291F8 /* NetworkService.swift in Sources */,
				476447EA26B133B5002291F8 /* MainViewModel.swift in Sources */,
				476447B526B07657002291F8 /* Movie.swift in Sources */,
				476447BC26B076CE002291F8 /* ProductionCountry.swift in Sources */,
				476447F526B149A4002291F8 /* MovieCollectionViewCell.swift in Sources */,
				476447A326B072BF002291F8 /* SceneDelegate.swift in Sources */,
				476447B826B0769E002291F8 /* Genre.swift in Sources */,
			);
			runOnlyForDeploymentPostprocessing = 0;
		};
/* End PBXSourcesBuildPhase section */

/* Begin PBXVariantGroup section */
		476447AB26B072C0002291F8 /* LaunchScreen.storyboard */ = {
			isa = PBXVariantGroup;
			children = (
				476447AC26B072C0002291F8 /* Base */,
			);
			name = LaunchScreen.storyboard;
			sourceTree = "<group>";
		};
/* End PBXVariantGroup section */

/* Begin XCBuildConfiguration section */
		476447AF26B072C0002291F8 /* Debug */ = {
			isa = XCBuildConfiguration;
			buildSettings = {
				ALWAYS_SEARCH_USER_PATHS = NO;
				CLANG_ANALYZER_NONNULL = YES;
				CLANG_ANALYZER_NUMBER_OBJECT_CONVERSION = YES_AGGRESSIVE;
				CLANG_CXX_LANGUAGE_STANDARD = "gnu++14";
				CLANG_CXX_LIBRARY = "libc++";
				CLANG_ENABLE_MODULES = YES;
				CLANG_ENABLE_OBJC_ARC = YES;
				CLANG_ENABLE_OBJC_WEAK = YES;
				CLANG_WARN_BLOCK_CAPTURE_AUTORELEASING = YES;
				CLANG_WARN_BOOL_CONVERSION = YES;
				CLANG_WARN_COMMA = YES;
				CLANG_WARN_CONSTANT_CONVERSION = YES;
				CLANG_WARN_DEPRECATED_OBJC_IMPLEMENTATIONS = YES;
				CLANG_WARN_DIRECT_OBJC_ISA_USAGE = YES_ERROR;
				CLANG_WARN_DOCUMENTATION_COMMENTS = YES;
				CLANG_WARN_EMPTY_BODY = YES;
				CLANG_WARN_ENUM_CONVERSION = YES;
				CLANG_WARN_INFINITE_RECURSION = YES;
				CLANG_WARN_INT_CONVERSION = YES;
				CLANG_WARN_NON_LITERAL_NULL_CONVERSION = YES;
				CLANG_WARN_OBJC_IMPLICIT_RETAIN_SELF = YES;
				CLANG_WARN_OBJC_LITERAL_CONVERSION = YES;
				CLANG_WARN_OBJC_ROOT_CLASS = YES_ERROR;
				CLANG_WARN_QUOTED_INCLUDE_IN_FRAMEWORK_HEADER = YES;
				CLANG_WARN_RANGE_LOOP_ANALYSIS = YES;
				CLANG_WARN_STRICT_PROTOTYPES = YES;
				CLANG_WARN_SUSPICIOUS_MOVE = YES;
				CLANG_WARN_UNGUARDED_AVAILABILITY = YES_AGGRESSIVE;
				CLANG_WARN_UNREACHABLE_CODE = YES;
				CLANG_WARN__DUPLICATE_METHOD_MATCH = YES;
				COPY_PHASE_STRIP = NO;
				DEBUG_INFORMATION_FORMAT = dwarf;
				ENABLE_STRICT_OBJC_MSGSEND = YES;
				ENABLE_TESTABILITY = YES;
				GCC_C_LANGUAGE_STANDARD = gnu11;
				GCC_DYNAMIC_NO_PIC = NO;
				GCC_NO_COMMON_BLOCKS = YES;
				GCC_OPTIMIZATION_LEVEL = 0;
				GCC_PREPROCESSOR_DEFINITIONS = (
					"DEBUG=1",
					"$(inherited)",
				);
				GCC_WARN_64_TO_32_BIT_CONVERSION = YES;
				GCC_WARN_ABOUT_RETURN_TYPE = YES_ERROR;
				GCC_WARN_UNDECLARED_SELECTOR = YES;
				GCC_WARN_UNINITIALIZED_AUTOS = YES_AGGRESSIVE;
				GCC_WARN_UNUSED_FUNCTION = YES;
				GCC_WARN_UNUSED_VARIABLE = YES;
				IPHONEOS_DEPLOYMENT_TARGET = 13;
				MTL_ENABLE_DEBUG_INFO = INCLUDE_SOURCE;
				MTL_FAST_MATH = YES;
				ONLY_ACTIVE_ARCH = YES;
				SDKROOT = iphoneos;
				SWIFT_ACTIVE_COMPILATION_CONDITIONS = DEBUG;
				SWIFT_OPTIMIZATION_LEVEL = "-Onone";
			};
			name = Debug;
		};
		476447B026B072C0002291F8 /* Release */ = {
			isa = XCBuildConfiguration;
			buildSettings = {
				ALWAYS_SEARCH_USER_PATHS = NO;
				CLANG_ANALYZER_NONNULL = YES;
				CLANG_ANALYZER_NUMBER_OBJECT_CONVERSION = YES_AGGRESSIVE;
				CLANG_CXX_LANGUAGE_STANDARD = "gnu++14";
				CLANG_CXX_LIBRARY = "libc++";
				CLANG_ENABLE_MODULES = YES;
				CLANG_ENABLE_OBJC_ARC = YES;
				CLANG_ENABLE_OBJC_WEAK = YES;
				CLANG_WARN_BLOCK_CAPTURE_AUTORELEASING = YES;
				CLANG_WARN_BOOL_CONVERSION = YES;
				CLANG_WARN_COMMA = YES;
				CLANG_WARN_CONSTANT_CONVERSION = YES;
				CLANG_WARN_DEPRECATED_OBJC_IMPLEMENTATIONS = YES;
				CLANG_WARN_DIRECT_OBJC_ISA_USAGE = YES_ERROR;
				CLANG_WARN_DOCUMENTATION_COMMENTS = YES;
				CLANG_WARN_EMPTY_BODY = YES;
				CLANG_WARN_ENUM_CONVERSION = YES;
				CLANG_WARN_INFINITE_RECURSION = YES;
				CLANG_WARN_INT_CONVERSION = YES;
				CLANG_WARN_NON_LITERAL_NULL_CONVERSION = YES;
				CLANG_WARN_OBJC_IMPLICIT_RETAIN_SELF = YES;
				CLANG_WARN_OBJC_LITERAL_CONVERSION = YES;
				CLANG_WARN_OBJC_ROOT_CLASS = YES_ERROR;
				CLANG_WARN_QUOTED_INCLUDE_IN_FRAMEWORK_HEADER = YES;
				CLANG_WARN_RANGE_LOOP_ANALYSIS = YES;
				CLANG_WARN_STRICT_PROTOTYPES = YES;
				CLANG_WARN_SUSPICIOUS_MOVE = YES;
				CLANG_WARN_UNGUARDED_AVAILABILITY = YES_AGGRESSIVE;
				CLANG_WARN_UNREACHABLE_CODE = YES;
				CLANG_WARN__DUPLICATE_METHOD_MATCH = YES;
				COPY_PHASE_STRIP = NO;
				DEBUG_INFORMATION_FORMAT = "dwarf-with-dsym";
				ENABLE_NS_ASSERTIONS = NO;
				ENABLE_STRICT_OBJC_MSGSEND = YES;
				GCC_C_LANGUAGE_STANDARD = gnu11;
				GCC_NO_COMMON_BLOCKS = YES;
				GCC_WARN_64_TO_32_BIT_CONVERSION = YES;
				GCC_WARN_ABOUT_RETURN_TYPE = YES_ERROR;
				GCC_WARN_UNDECLARED_SELECTOR = YES;
				GCC_WARN_UNINITIALIZED_AUTOS = YES_AGGRESSIVE;
				GCC_WARN_UNUSED_FUNCTION = YES;
				GCC_WARN_UNUSED_VARIABLE = YES;
				IPHONEOS_DEPLOYMENT_TARGET = 13;
				MTL_ENABLE_DEBUG_INFO = NO;
				MTL_FAST_MATH = YES;
				SDKROOT = iphoneos;
				SWIFT_COMPILATION_MODE = wholemodule;
				SWIFT_OPTIMIZATION_LEVEL = "-O";
				VALIDATE_PRODUCT = YES;
			};
			name = Release;
		};
		476447B226B072C0002291F8 /* Debug */ = {
			isa = XCBuildConfiguration;
			buildSettings = {
				ASSETCATALOG_COMPILER_APPICON_NAME = AppIcon;
				ASSETCATALOG_COMPILER_GLOBAL_ACCENT_COLOR_NAME = AccentColor;
				CODE_SIGN_STYLE = Automatic;
				DEVELOPMENT_TEAM = RL7DU266Q5;
				INFOPLIST_FILE = "MovieDB App/Info.plist";
				LD_RUNPATH_SEARCH_PATHS = (
					"$(inherited)",
					"@executable_path/Frameworks",
				);
				PRODUCT_BUNDLE_IDENTIFIER = "com.dmitriy-holovnia.MovieDB-App";
				PRODUCT_NAME = "$(TARGET_NAME)";
				SWIFT_VERSION = 5.0;
				TARGETED_DEVICE_FAMILY = "1,2";
			};
			name = Debug;
		};
		476447B326B072C0002291F8 /* Release */ = {
			isa = XCBuildConfiguration;
			buildSettings = {
				ASSETCATALOG_COMPILER_APPICON_NAME = AppIcon;
				ASSETCATALOG_COMPILER_GLOBAL_ACCENT_COLOR_NAME = AccentColor;
				CODE_SIGN_STYLE = Automatic;
				DEVELOPMENT_TEAM = RL7DU266Q5;
				INFOPLIST_FILE = "MovieDB App/Info.plist";
				LD_RUNPATH_SEARCH_PATHS = (
					"$(inherited)",
					"@executable_path/Frameworks",
				);
				PRODUCT_BUNDLE_IDENTIFIER = "com.dmitriy-holovnia.MovieDB-App";
				PRODUCT_NAME = "$(TARGET_NAME)";
				SWIFT_VERSION = 5.0;
				TARGETED_DEVICE_FAMILY = "1,2";
			};
			name = Release;
		};
/* End XCBuildConfiguration section */

/* Begin XCConfigurationList section */
		4764479826B072BF002291F8 /* Build configuration list for PBXProject "MovieDB App" */ = {
			isa = XCConfigurationList;
			buildConfigurations = (
				476447AF26B072C0002291F8 /* Debug */,
				476447B026B072C0002291F8 /* Release */,
			);
			defaultConfigurationIsVisible = 0;
			defaultConfigurationName = Release;
		};
		476447B126B072C0002291F8 /* Build configuration list for PBXNativeTarget "MovieDB App" */ = {
			isa = XCConfigurationList;
			buildConfigurations = (
				476447B226B072C0002291F8 /* Debug */,
				476447B326B072C0002291F8 /* Release */,
			);
			defaultConfigurationIsVisible = 0;
			defaultConfigurationName = Release;
		};
/* End XCConfigurationList section */
	};
	rootObject = 4764479526B072BF002291F8 /* Project object */;
}
